{
  "name": "@actions/http-client",
  "version": "2.0.0",
  "lockfileVersion": 2,
  "requires": true,
  "packages": {
    "": {
      "name": "@actions/http-client",
      "version": "2.0.0",
      "license": "MIT",
      "devDependencies": {
        "@types/tunnel": "0.0.3",
        "proxy": "^1.0.1",
        "tunnel": "0.0.6"
      }
    },
    "node_modules/@types/node": {
      "version": "12.12.31",
      "resolved": "https://registry.npmjs.org/@types/node/-/node-12.12.31.tgz",
      "integrity": "sha512-T+wnJno8uh27G9c+1T+a1/WYCHzLeDqtsGJkoEdSp2X8RTh3oOCZQcUnjAx90CS8cmmADX51O0FI/tu9s0yssg==",
      "dev": true
    },
    "node_modules/@types/tunnel": {
      "version": "0.0.3",
      "resolved": "https://registry.npmjs.org/@types/tunnel/-/tunnel-0.0.3.tgz",
      "integrity": "sha512-sOUTGn6h1SfQ+gbgqC364jLFBw2lnFqkgF3q0WovEHRLMrVD1sd5aufqi/aJObLekJO+Aq5z646U4Oxy6shXMA==",
      "dev": true,
      "dependencies": {
        "@types/node": "*"
      }
    },
    "node_modules/args": {
      "version": "3.0.2",
      "resolved": "https://registry.npmjs.org/args/-/args-3.0.2.tgz",
      "integrity": "sha1-hQu46IHzE5IDpeTLF2QxCStWLC0=",
      "dev": true,
      "dependencies": {
        "camelcase": "4.1.0",
        "chalk": "1.1.3",
        "minimist": "1.2.0",
        "pkginfo": "0.4.0",
        "string-similarity": "1.1.0"
      },
      "engines": {
        "node": "> 4.0.0"
      }
    },
    "node_modules/args/node_modules/ansi-regex": {
      "version": "2.1.1",
      "resolved": "https://registry.npmjs.org/ansi-regex/-/ansi-regex-2.1.1.tgz",
      "integrity": "sha1-w7M6te42DYbg5ijwRorn7yfWVN8=",
      "dev": true,
      "engines": {
        "node": ">=0.10.0"
      }
    },
    "node_modules/args/node_modules/ansi-styles": {
      "version": "2.2.1",
      "resolved": "https://registry.npmjs.org/ansi-styles/-/ansi-styles-2.2.1.tgz",
      "integrity": "sha1-tDLdM1i2NM914eRmQ2gkBTPB3b4=",
      "dev": true,
      "engines": {
        "node": ">=0.10.0"
      }
    },
    "node_modules/args/node_modules/camelcase": {
      "version": "4.1.0",
      "resolved": "https://registry.npmjs.org/camelcase/-/camelcase-4.1.0.tgz",
      "integrity": "sha1-1UVjW+HjPFQmScaRc+Xeas+uNN0=",
      "dev": true,
      "engines": {
        "node": ">=4"
      }
    },
    "node_modules/args/node_modules/chalk": {
      "version": "1.1.3",
      "resolved": "https://registry.npmjs.org/chalk/-/chalk-1.1.3.tgz",
      "integrity": "sha1-qBFcVeSnAv5NFQq9OHKCKn4J/Jg=",
      "dev": true,
      "dependencies": {
        "ansi-styles": "^2.2.1",
        "escape-string-regexp": "^1.0.2",
        "has-ansi": "^2.0.0",
        "strip-ansi": "^3.0.0",
        "supports-color": "^2.0.0"
      },
      "engines": {
        "node": ">=0.10.0"
      }
    },
    "node_modules/args/node_modules/minimist": {
      "version": "1.2.0",
      "resolved": "https://registry.npmjs.org/minimist/-/minimist-1.2.0.tgz",
      "integrity": "sha1-o1AIsg9BOD7sH7kU9M1d95omQoQ=",
      "dev": true
    },
    "node_modules/args/node_modules/strip-ansi": {
      "version": "3.0.1",
      "resolved": "https://registry.npmjs.org/strip-ansi/-/strip-ansi-3.0.1.tgz",
      "integrity": "sha1-ajhfuIU9lS1f8F0Oiq+UJ43GPc8=",
      "dev": true,
      "dependencies": {
        "ansi-regex": "^2.0.0"
      },
      "engines": {
        "node": ">=0.10.0"
      }
    },
    "node_modules/args/node_modules/supports-color": {
      "version": "2.0.0",
      "resolved": "https://registry.npmjs.org/supports-color/-/supports-color-2.0.0.tgz",
      "integrity": "sha1-U10EXOa2Nj+kARcIRimZXp3zJMc=",
      "dev": true,
      "engines": {
        "node": ">=0.8.0"
      }
    },
    "node_modules/basic-auth-parser": {
      "version": "0.0.2",
      "resolved": "https://registry.npmjs.org/basic-auth-parser/-/basic-auth-parser-0.0.2.tgz",
      "integrity": "sha1-zp5xp38jwSee7NJlmypGJEwVbkE=",
      "dev": true
    },
    "node_modules/debug": {
      "version": "4.1.1",
      "resolved": "https://registry.npmjs.org/debug/-/debug-4.1.1.tgz",
      "integrity": "sha512-pYAIzeRo8J6KPEaJ0VWOh5Pzkbw/RetuzehGM7QRRX5he4fPHx2rdKMB256ehJCkX+XRQm16eZLqLNS8RSZXZw==",
      "deprecated": "Debug versions >=3.2.0 <3.2.7 || >=4 <4.3.1 have a low-severity ReDos regression when used in a Node.js environment. It is recommended you upgrade to 3.2.7 or 4.3.1. (https://github.com/visionmedia/debug/issues/797)",
      "dev": true,
      "dependencies": {
        "ms": "^2.1.1"
      }
    },
    "node_modules/escape-string-regexp": {
      "version": "1.0.5",
      "resolved": "https://registry.npmjs.org/escape-string-regexp/-/escape-string-regexp-1.0.5.tgz",
      "integrity": "sha1-G2HAViGQqN/2rjuyzwIAyhMLhtQ=",
      "dev": true,
      "engines": {
        "node": ">=0.8.0"
      }
    },
    "node_modules/has-ansi": {
      "version": "2.0.0",
      "resolved": "https://registry.npmjs.org/has-ansi/-/has-ansi-2.0.0.tgz",
      "integrity": "sha1-NPUEnOHs3ysGSa8+8k5F7TVBbZE=",
      "dev": true,
      "dependencies": {
        "ansi-regex": "^2.0.0"
      },
      "engines": {
        "node": ">=0.10.0"
      }
    },
    "node_modules/has-ansi/node_modules/ansi-regex": {
      "version": "2.1.1",
      "resolved": "https://registry.npmjs.org/ansi-regex/-/ansi-regex-2.1.1.tgz",
      "integrity": "sha1-w7M6te42DYbg5ijwRorn7yfWVN8=",
      "dev": true,
      "engines": {
        "node": ">=0.10.0"
      }
    },
    "node_modules/lodash": {
      "version": "4.17.15",
      "resolved": "https://registry.npmjs.org/lodash/-/lodash-4.17.15.tgz",
      "integrity": "sha512-8xOcRHvCjnocdS5cpwXQXVzmmh5e5+saE2QGoeQmbKmRS6J3VQppPOIt0MnmE+4xlZoumy0GPG0D0MVIQbNA1A==",
      "dev": true
    },
    "node_modules/ms": {
      "version": "2.1.2",
      "resolved": "https://registry.npmjs.org/ms/-/ms-2.1.2.tgz",
      "integrity": "sha512-sGkPx+VjMtmA6MX27oA4FBFELFCZZ4S4XqeGOXCv68tT+jb3vk/RyaKWP0PTKyWtmLSM0b+adUTEvbs1PEaH2w==",
      "dev": true
    },
    "node_modules/pkginfo": {
      "version": "0.4.0",
      "resolved": "https://registry.npmjs.org/pkginfo/-/pkginfo-0.4.0.tgz",
      "integrity": "sha1-NJ27f/04CB/K3AhT32h/DHdEzWU=",
      "dev": true,
      "engines": {
        "node": ">= 0.4.0"
      }
    },
    "node_modules/proxy": {
      "version": "1.0.1",
      "resolved": "https://registry.npmjs.org/proxy/-/proxy-1.0.1.tgz",
      "integrity": "sha512-mM9Hl6Mbw2Iiw4WLzjtPObtxX3xdsv0Fr07Kqm+GXg0eVObKBD7mc+TMQwkv2zztk5EtyLdv0+eFNXhBfPiU8A==",
      "dev": true,
      "dependencies": {
        "args": "3.0.2",
        "basic-auth-parser": "0.0.2",
        "debug": "^4.1.1"
      },
      "bin": {
        "proxy": "bin/proxy.js"
      }
    },
    "node_modules/string-similarity": {
      "version": "1.1.0",
      "resolved": "https://registry.npmjs.org/string-similarity/-/string-similarity-1.1.0.tgz",
      "integrity": "sha1-PGZJiFikZex8QMfYFzm72ZWQSRQ=",
      "dev": true,
      "dependencies": {
        "lodash": "^4.13.1"
      }
    },
    "node_modules/tunnel": {
      "version": "0.0.6",
      "resolved": "https://registry.npmjs.org/tunnel/-/tunnel-0.0.6.tgz",
      "integrity": "sha512-1h/Lnq9yajKY2PEbBadPXj3VxsDDu844OnaAo52UVmIzIvwwtBPIuNvkjuzBlTWpfJyUbG3ez0KSBibQkj4ojg==",
      "dev": true,
      "engines": {
        "node": ">=0.6.11 <=0.7.0 || >=0.7.3"
      }
    }
  },
  "dependencies": {
    "@types/node": {
      "version": "12.12.31",
      "resolved": "https://registry.npmjs.org/@types/node/-/node-12.12.31.tgz",
      "integrity": "sha512-T+wnJno8uh27G9c+1T+a1/WYCHzLeDqtsGJkoEdSp2X8RTh3oOCZQcUnjAx90CS8cmmADX51O0FI/tu9s0yssg==",
      "dev": true
    },
    "@types/tunnel": {
      "version": "0.0.3",
      "resolved": "https://registry.npmjs.org/@types/tunnel/-/tunnel-0.0.3.tgz",
      "integrity": "sha512-sOUTGn6h1SfQ+gbgqC364jLFBw2lnFqkgF3q0WovEHRLMrVD1sd5aufqi/aJObLekJO+Aq5z646U4Oxy6shXMA==",
      "dev": true,
      "requires": {
        "@types/node": "*"
      }
    },
    "args": {
      "version": "3.0.2",
      "resolved": "https://registry.npmjs.org/args/-/args-3.0.2.tgz",
      "integrity": "sha1-hQu46IHzE5IDpeTLF2QxCStWLC0=",
      "dev": true,
      "requires": {
        "camelcase": "4.1.0",
        "chalk": "1.1.3",
        "minimist": "1.2.0",
        "pkginfo": "0.4.0",
        "string-similarity": "1.1.0"
      },
      "dependencies": {
        "ansi-regex": {
          "version": "2.1.1",
          "resolved": "https://registry.npmjs.org/ansi-regex/-/ansi-regex-2.1.1.tgz",
          "integrity": "sha1-w7M6te42DYbg5ijwRorn7yfWVN8=",
          "dev": true
        },
        "ansi-styles": {
          "version": "2.2.1",
          "resolved": "https://registry.npmjs.org/ansi-styles/-/ansi-styles-2.2.1.tgz",
          "integrity": "sha1-tDLdM1i2NM914eRmQ2gkBTPB3b4=",
          "dev": true
        },
        "camelcase": {
          "version": "4.1.0",
          "resolved": "https://registry.npmjs.org/camelcase/-/camelcase-4.1.0.tgz",
          "integrity": "sha1-1UVjW+HjPFQmScaRc+Xeas+uNN0=",
          "dev": true
        },
        "chalk": {
          "version": "1.1.3",
          "resolved": "https://registry.npmjs.org/chalk/-/chalk-1.1.3.tgz",
          "integrity": "sha1-qBFcVeSnAv5NFQq9OHKCKn4J/Jg=",
          "dev": true,
          "requires": {
            "ansi-styles": "^2.2.1",
            "escape-string-regexp": "^1.0.2",
            "has-ansi": "^2.0.0",
            "strip-ansi": "^3.0.0",
            "supports-color": "^2.0.0"
          }
        },
        "minimist": {
          "version": "1.2.0",
          "resolved": "https://registry.npmjs.org/minimist/-/minimist-1.2.0.tgz",
          "integrity": "sha1-o1AIsg9BOD7sH7kU9M1d95omQoQ=",
          "dev": true
        },
        "strip-ansi": {
          "version": "3.0.1",
          "resolved": "https://registry.npmjs.org/strip-ansi/-/strip-ansi-3.0.1.tgz",
          "integrity": "sha1-ajhfuIU9lS1f8F0Oiq+UJ43GPc8=",
          "dev": true,
          "requires": {
            "ansi-regex": "^2.0.0"
          }
        },
        "supports-color": {
          "version": "2.0.0",
          "resolved": "https://registry.npmjs.org/supports-color/-/supports-color-2.0.0.tgz",
          "integrity": "sha1-U10EXOa2Nj+kARcIRimZXp3zJMc=",
          "dev": true
        }
      }
    },
    "basic-auth-parser": {
      "version": "0.0.2",
      "resolved": "https://registry.npmjs.org/basic-auth-parser/-/basic-auth-parser-0.0.2.tgz",
      "integrity": "sha1-zp5xp38jwSee7NJlmypGJEwVbkE=",
      "dev": true
    },
    "debug": {
      "version": "4.1.1",
      "resolved": "https://registry.npmjs.org/debug/-/debug-4.1.1.tgz",
      "integrity": "sha512-pYAIzeRo8J6KPEaJ0VWOh5Pzkbw/RetuzehGM7QRRX5he4fPHx2rdKMB256ehJCkX+XRQm16eZLqLNS8RSZXZw==",
      "dev": true,
      "requires": {
        "ms": "^2.1.1"
      }
    },
    "escape-string-regexp": {
      "version": "1.0.5",
      "resolved": "https://registry.npmjs.org/escape-string-regexp/-/escape-string-regexp-1.0.5.tgz",
      "integrity": "sha1-G2HAViGQqN/2rjuyzwIAyhMLhtQ=",
      "dev": true
    },
    "has-ansi": {
      "version": "2.0.0",
      "resolved": "https://registry.npmjs.org/has-ansi/-/has-ansi-2.0.0.tgz",
      "integrity": "sha1-NPUEnOHs3ysGSa8+8k5F7TVBbZE=",
      "dev": true,
      "requires": {
        "ansi-regex": "^2.0.0"
      },
      "dependencies": {
        "ansi-regex": {
          "version": "2.1.1",
          "resolved": "https://registry.npmjs.org/ansi-regex/-/ansi-regex-2.1.1.tgz",
          "integrity": "sha1-w7M6te42DYbg5ijwRorn7yfWVN8=",
          "dev": true
        }
      }
    },
    "lodash": {
      "version": "4.17.15",
      "resolved": "https://registry.npmjs.org/lodash/-/lodash-4.17.15.tgz",
      "integrity": "sha512-8xOcRHvCjnocdS5cpwXQXVzmmh5e5+saE2QGoeQmbKmRS6J3VQppPOIt0MnmE+4xlZoumy0GPG0D0MVIQbNA1A==",
      "dev": true
    },
    "ms": {
      "version": "2.1.2",
      "resolved": "https://registry.npmjs.org/ms/-/ms-2.1.2.tgz",
      "integrity": "sha512-sGkPx+VjMtmA6MX27oA4FBFELFCZZ4S4XqeGOXCv68tT+jb3vk/RyaKWP0PTKyWtmLSM0b+adUTEvbs1PEaH2w==",
      "dev": true
    },
    "pkginfo": {
      "version": "0.4.0",
      "resolved": "https://registry.npmjs.org/pkginfo/-/pkginfo-0.4.0.tgz",
      "integrity": "sha1-NJ27f/04CB/K3AhT32h/DHdEzWU=",
      "dev": true
    },
    "proxy": {
      "version": "1.0.1",
      "resolved": "https://registry.npmjs.org/proxy/-/proxy-1.0.1.tgz",
      "integrity": "sha512-mM9Hl6Mbw2Iiw4WLzjtPObtxX3xdsv0Fr07Kqm+GXg0eVObKBD7mc+TMQwkv2zztk5EtyLdv0+eFNXhBfPiU8A==",
      "dev": true,
      "requires": {
        "args": "3.0.2",
        "basic-auth-parser": "0.0.2",
        "debug": "^4.1.1"
      }
    },
    "string-similarity": {
      "version": "1.1.0",
      "resolved": "https://registry.npmjs.org/string-similarity/-/string-similarity-1.1.0.tgz",
      "integrity": "sha1-PGZJiFikZex8QMfYFzm72ZWQSRQ=",
      "dev": true,
      "requires": {
        "lodash": "^4.13.1"
      }
    },
    "tunnel": {
      "version": "0.0.6",
      "resolved": "https://registry.npmjs.org/tunnel/-/tunnel-0.0.6.tgz",
      "integrity": "sha512-1h/Lnq9yajKY2PEbBadPXj3VxsDDu844OnaAo52UVmIzIvwwtBPIuNvkjuzBlTWpfJyUbG3ez0KSBibQkj4ojg==",
      "dev": true
    }
  }
}
