{
  "name": "@actions/glob",
  "version": "0.3.0",
  "lockfileVersion": 2,
  "requires": true,
  "packages": {
    "": {
      "name": "@actions/glob",
      "version": "0.3.0",
      "license": "MIT",
      "dependencies": {
        "@actions/core": "^1.9.1",
        "minimatch": "^3.0.4"
      }
    },
    "node_modules/@actions/core": {
      "version": "1.9.1",
      "resolved": "https://registry.npmjs.org/@actions/core/-/core-1.9.1.tgz",
      "integrity": "sha512-5ad+U2YGrmmiw6du20AQW5XuWo7UKN2052FjSV7MX+Wfjf8sCqcsZe62NfgHys4QI4/Y+vQvLKYL8jWtA1ZBTA==",
      "dependencies": {
        "@actions/http-client": "^2.0.1",
        "uuid": "^8.3.2"
      }
    },
    "node_modules/@actions/http-client": {
      "version": "2.0.1",
      "resolved": "https://registry.npmjs.org/@actions/http-client/-/http-client-2.0.1.tgz",
      "integrity": "sha512-PIXiMVtz6VvyaRsGY268qvj57hXQEpsYogYOu2nrQhlf+XCGmZstmuZBbAybUl1nQGnvS1k1eEsQ69ZoD7xlSw==",
      "dependencies": {
        "tunnel": "^0.0.6"
      }
    },
    "node_modules/balanced-match": {
      "version": "1.0.0",
      "resolved": "https://registry.npmjs.org/balanced-match/-/balanced-match-1.0.0.tgz",
      "integrity": "sha1-ibTRmasr7kneFk6gK4nORi1xt2c="
    },
    "node_modules/brace-expansion": {
      "version": "1.1.11",
      "resolved": "https://registry.npmjs.org/brace-expansion/-/brace-expansion-1.1.11.tgz",
      "integrity": "sha512-iCuPHDFgrHX7H2vEI/5xpz07zSHB00TpugqhmYtVmMO6518mCuRMoOYFldEBl0g187ufozdaHgWKcYFb61qGiA==",
      "dependencies": {
        "balanced-match": "^1.0.0",
        "concat-map": "0.0.1"
      }
    },
    "node_modules/concat-map": {
      "version": "0.0.1",
      "resolved": "https://registry.npmjs.org/concat-map/-/concat-map-0.0.1.tgz",
      "integrity": "sha1-2Klr13/Wjfd5OnMDajug1UBdR3s="
    },
    "node_modules/minimatch": {
      "version": "3.0.5",
      "resolved": "https://registry.npmjs.org/minimatch/-/minimatch-3.0.5.tgz",
      "integrity": "sha512-tUpxzX0VAzJHjLu0xUfFv1gwVp9ba3IOuRAVH2EGuRW8a5emA2FlACLqiT/lDVtS1W+TGNwqz3sWaNyLgDJWuw==",
      "dependencies": {
        "brace-expansion": "^1.1.7"
      },
      "engines": {
        "node": "*"
      }
    },
    "node_modules/tunnel": {
      "version": "0.0.6",
      "resolved": "https://registry.npmjs.org/tunnel/-/tunnel-0.0.6.tgz",
      "integrity": "sha512-1h/Lnq9yajKY2PEbBadPXj3VxsDDu844OnaAo52UVmIzIvwwtBPIuNvkjuzBlTWpfJyUbG3ez0KSBibQkj4ojg==",
      "engines": {
        "node": ">=0.6.11 <=0.7.0 || >=0.7.3"
      }
    },
    "node_modules/uuid": {
      "version": "8.3.2",
      "resolved": "https://registry.npmjs.org/uuid/-/uuid-8.3.2.tgz",
      "integrity": "sha512-+NYs2QeMWy+GWFOEm9xnn6HCDp0l7QBD7ml8zLUmJ+93Q5NF0NocErnwkTkXVFNiX3/fpC6afS8Dhb/gz7R7eg==",
      "bin": {
        "uuid": "dist/bin/uuid"
      }
    }
  },
  "dependencies": {
    "@actions/core": {
      "version": "1.9.1",
      "resolved": "https://registry.npmjs.org/@actions/core/-/core-1.9.1.tgz",
      "integrity": "sha512-5ad+U2YGrmmiw6du20AQW5XuWo7UKN2052FjSV7MX+Wfjf8sCqcsZe62NfgHys4QI4/Y+vQvLKYL8jWtA1ZBTA==",
      "requires": {
        "@actions/http-client": "^2.0.1",
        "uuid": "^8.3.2"
      }
    },
    "@actions/http-client": {
      "version": "2.0.1",
      "resolved": "https://registry.npmjs.org/@actions/http-client/-/http-client-2.0.1.tgz",
      "integrity": "sha512-PIXiMVtz6VvyaRsGY268qvj57hXQEpsYogYOu2nrQhlf+XCGmZstmuZBbAybUl1nQGnvS1k1eEsQ69ZoD7xlSw==",
      "requires": {
        "tunnel": "^0.0.6"
      }
    },
    "balanced-match": {
      "version": "1.0.0",
      "resolved": "https://registry.npmjs.org/balanced-match/-/balanced-match-1.0.0.tgz",
      "integrity": "sha1-ibTRmasr7kneFk6gK4nORi1xt2c="
    },
    "brace-expansion": {
      "version": "1.1.11",
      "resolved": "https://registry.npmjs.org/brace-expansion/-/brace-expansion-1.1.11.tgz",
      "integrity": "sha512-iCuPHDFgrHX7H2vEI/5xpz07zSHB00TpugqhmYtVmMO6518mCuRMoOYFldEBl0g187ufozdaHgWKcYFb61qGiA==",
      "requires": {
        "balanced-match": "^1.0.0",
        "concat-map": "0.0.1"
      }
    },
    "concat-map": {
      "version": "0.0.1",
      "resolved": "https://registry.npmjs.org/concat-map/-/concat-map-0.0.1.tgz",
      "integrity": "sha1-2Klr13/Wjfd5OnMDajug1UBdR3s="
    },
    "minimatch": {
      "version": "3.0.5",
      "resolved": "https://registry.npmjs.org/minimatch/-/minimatch-3.0.5.tgz",
      "integrity": "sha512-tUpxzX0VAzJHjLu0xUfFv1gwVp9ba3IOuRAVH2EGuRW8a5emA2FlACLqiT/lDVtS1W+TGNwqz3sWaNyLgDJWuw==",
      "requires": {
        "brace-expansion": "^1.1.7"
      }
    },
    "tunnel": {
      "version": "0.0.6",
      "resolved": "https://registry.npmjs.org/tunnel/-/tunnel-0.0.6.tgz",
      "integrity": "sha512-1h/Lnq9yajKY2PEbBadPXj3VxsDDu844OnaAo52UVmIzIvwwtBPIuNvkjuzBlTWpfJyUbG3ez0KSBibQkj4ojg=="
    },
    "uuid": {
      "version": "8.3.2",
      "resolved": "https://registry.npmjs.org/uuid/-/uuid-8.3.2.tgz",
      "integrity": "sha512-+NYs2QeMWy+GWFOEm9xnn6HCDp0l7QBD7ml8zLUmJ+93Q5NF0NocErnwkTkXVFNiX3/fpC6afS8Dhb/gz7R7eg=="
    }
  }
}
