{
  "name": "@actions/artifact",
  "version": "2.0.0",
  "lockfileVersion": 2,
  "requires": true,
  "packages": {
    "": {
      "name": "@actions/artifact",
      "version": "2.0.0",
      "license": "MIT",
      "dependencies": {
        "@actions/core": "^1.10.0",
        "@actions/http-client": "^2.1.0",
        "@protobuf-ts/plugin": "^2.2.3-alpha.1",
        "twirp-ts": "^2.5.0"
      },
      "devDependencies": {
        "typescript": "^3.9.10"
      }
    },
    "node_modules/@actions/core": {
      "version": "1.10.0",
      "resolved": "https://registry.npmjs.org/@actions/core/-/core-1.10.0.tgz",
      "integrity": "sha512-2aZDDa3zrrZbP5ZYg159sNoLRb61nQ7awl5pSvIq5Qpj81vwDzdMRKzkWJGJuwVvWpvZKx7vspJALyvaaIQyug==",
      "dependencies": {
        "@actions/http-client": "^2.0.1",
        "uuid": "^8.3.2"
      }
    },
    "node_modules/@actions/http-client": {
      "version": "2.1.0",
      "resolved": "https://registry.npmjs.org/@actions/http-client/-/http-client-2.1.0.tgz",
      "integrity": "sha512-BonhODnXr3amchh4qkmjPMUO8mFi/zLaaCeCAJZqch8iQqyDnVIkySjB38VHAC8IJ+bnlgfOqlhpyCUZHlQsqw==",
      "dependencies": {
        "tunnel": "^0.0.6"
      }
    },
    "node_modules/@protobuf-ts/plugin": {
      "version": "2.2.3-alpha.1",
      "resolved": "https://registry.npmjs.org/@protobuf-ts/plugin/-/plugin-2.2.3-alpha.1.tgz",
      "integrity": "sha512-uL09hxNeB3ym9ubeHCOjyJczIhQFhowmMUFD9FFAZrzwnGxYvnetcmILmIQf1mWaoLbWKmlVjS7ju/Xe6G6rKw==",
      "dependencies": {
        "@protobuf-ts/plugin-framework": "^2.2.3-alpha.1",
        "@protobuf-ts/protoc": "^2.2.3-alpha.1",
        "@protobuf-ts/runtime": "^2.2.3-alpha.1",
        "@protobuf-ts/runtime-rpc": "^2.2.3-alpha.1",
        "typescript": "^3.9"
      },
      "bin": {
        "protoc-gen-dump": "bin/protoc-gen-dump",
        "protoc-gen-ts": "bin/protoc-gen-ts"
      }
    },
    "node_modules/@protobuf-ts/plugin-framework": {
      "version": "2.9.1",
      "resolved": "https://registry.npmjs.org/@protobuf-ts/plugin-framework/-/plugin-framework-2.9.1.tgz",
      "integrity": "sha512-/4sHdsXjp6KKkbpcCLUHpMfdYsCaqqQHRAwoxVzHmltsotw06B/K9HglZtkQx0IpLO4eeF3vNr3n7qzjD3e2zA==",
      "dependencies": {
        "@protobuf-ts/runtime": "^2.9.1",
        "typescript": "^3.9"
      }
    },
    "node_modules/@protobuf-ts/protoc": {
      "version": "2.9.1",
      "resolved": "https://registry.npmjs.org/@protobuf-ts/protoc/-/protoc-2.9.1.tgz",
      "integrity": "sha512-/q2iVDwVDijfZlFZnnm3W6ALbybNskNSww88TfYBaJH49PuQMqhcXUPRu28UouJr9sc/Lr5k6t0TB9Nff3UIsA==",
      "bin": {
        "protoc": "protoc.js"
      }
    },
    "node_modules/@protobuf-ts/runtime": {
      "version": "2.9.1",
      "resolved": "https://registry.npmjs.org/@protobuf-ts/runtime/-/runtime-2.9.1.tgz",
      "integrity": "sha512-ZTc8b+pQ6bwxZa3qg9/IO/M/brRkvr0tic9cSGgAsDByfPrtatT2300wTIRLDk8X9WTW1tT+FhyqmcrbMHTeww=="
    },
    "node_modules/@protobuf-ts/runtime-rpc": {
      "version": "2.9.1",
      "resolved": "https://registry.npmjs.org/@protobuf-ts/runtime-rpc/-/runtime-rpc-2.9.1.tgz",
      "integrity": "sha512-pzO20J6s07LTWcj8hKAXh/dAacU5HIVir6SANKXXH8G0pn0VIIB4FFECq5Hbv25/8PQoOGZ7iApq/DMHaSjGhg==",
      "dependencies": {
        "@protobuf-ts/runtime": "^2.9.1"
      }
    },
    "node_modules/balanced-match": {
      "version": "1.0.2",
      "resolved": "https://registry.npmjs.org/balanced-match/-/balanced-match-1.0.2.tgz",
      "integrity": "sha512-3oSeUO0TMV67hN1AmbXsK4yaqU7tjiHlbxRDZOpH0KW9+CeX4bRAaX0Anxt0tx2MrpRpWwQaPwIlISEJhYU5Pw=="
    },
    "node_modules/brace-expansion": {
      "version": "1.1.11",
      "resolved": "https://registry.npmjs.org/brace-expansion/-/brace-expansion-1.1.11.tgz",
      "integrity": "sha512-iCuPHDFgrHX7H2vEI/5xpz07zSHB00TpugqhmYtVmMO6518mCuRMoOYFldEBl0g187ufozdaHgWKcYFb61qGiA==",
      "dependencies": {
        "balanced-match": "^1.0.0",
        "concat-map": "0.0.1"
      }
    },
    "node_modules/camel-case": {
      "version": "4.1.2",
      "resolved": "https://registry.npmjs.org/camel-case/-/camel-case-4.1.2.tgz",
      "integrity": "sha512-gxGWBrTT1JuMx6R+o5PTXMmUnhnVzLQ9SNutD4YqKtI6ap897t3tKECYla6gCWEkplXnlNybEkZg9GEGxKFCgw==",
      "dependencies": {
        "pascal-case": "^3.1.2",
        "tslib": "^2.0.3"
      }
    },
    "node_modules/commander": {
      "version": "4.1.1",
      "resolved": "https://registry.npmjs.org/commander/-/commander-4.1.1.tgz",
      "integrity": "sha512-NOKm8xhkzAjzFx8B2v5OAHT+u5pRQc2UCa2Vq9jYL/31o2wi9mxBA7LIFs3sV5VSC49z6pEhfbMULvShKj26WA==",
      "engines": {
        "node": ">= 6"
      }
    },
    "node_modules/concat-map": {
      "version": "0.0.1",
      "resolved": "https://registry.npmjs.org/concat-map/-/concat-map-0.0.1.tgz",
      "integrity": "sha512-/Srv4dswyQNBfohGpz9o6Yb3Gz3SrUDqBH5rTuhGR7ahtlbYKnVxw2bCFMRljaA7EXHaXZ8wsHdodFvbkhKmqg=="
    },
    "node_modules/dot-object": {
      "version": "2.1.4",
      "resolved": "https://registry.npmjs.org/dot-object/-/dot-object-2.1.4.tgz",
      "integrity": "sha512-7FXnyyCLFawNYJ+NhkqyP9Wd2yzuo+7n9pGiYpkmXCTYa8Ci2U0eUNDVg5OuO5Pm6aFXI2SWN8/N/w7SJWu1WA==",
      "dependencies": {
        "commander": "^4.0.0",
        "glob": "^7.1.5"
      },
      "bin": {
        "dot-object": "bin/dot-object"
      }
    },
    "node_modules/fs.realpath": {
      "version": "1.0.0",
      "resolved": "https://registry.npmjs.org/fs.realpath/-/fs.realpath-1.0.0.tgz",
      "integrity": "sha512-OO0pH2lK6a0hZnAdau5ItzHPI6pUlvI7jMVnxUQRtw4owF2wk8lOSabtGDCTP4Ggrg2MbGnWO9X8K1t4+fGMDw=="
    },
    "node_modules/glob": {
      "version": "7.2.3",
      "resolved": "https://registry.npmjs.org/glob/-/glob-7.2.3.tgz",
      "integrity": "sha512-nFR0zLpU2YCaRxwoCJvL6UvCH2JFyFVIvwTLsIf21AuHlMskA1hhTdk+LlYJtOlYt9v6dvszD2BGRqBL+iQK9Q==",
      "dependencies": {
        "fs.realpath": "^1.0.0",
        "inflight": "^1.0.4",
        "inherits": "2",
        "minimatch": "^3.1.1",
        "once": "^1.3.0",
        "path-is-absolute": "^1.0.0"
      },
      "engines": {
        "node": "*"
      },
      "funding": {
        "url": "https://github.com/sponsors/isaacs"
      }
    },
    "node_modules/inflight": {
      "version": "1.0.6",
      "resolved": "https://registry.npmjs.org/inflight/-/inflight-1.0.6.tgz",
      "integrity": "sha512-k92I/b08q4wvFscXCLvqfsHCrjrF7yiXsQuIVvVE7N82W3+aqpzuUdBbfhWcy/FZR3/4IgflMgKLOsvPDrGCJA==",
      "dependencies": {
        "once": "^1.3.0",
        "wrappy": "1"
      }
    },
    "node_modules/inherits": {
      "version": "2.0.4",
      "resolved": "https://registry.npmjs.org/inherits/-/inherits-2.0.4.tgz",
      "integrity": "sha512-k/vGaX4/Yla3WzyMCvTQOXYeIHvqOKtnqBduzTHpzpQZzAskKMhZ2K+EnBiSM9zGSoIFeMpXKxa4dYeZIQqewQ=="
    },
    "node_modules/lodash": {
      "version": "4.17.21",
      "resolved": "https://registry.npmjs.org/lodash/-/lodash-4.17.21.tgz",
      "integrity": "sha512-v2kDEe57lecTulaDIuNTPy3Ry4gLGJ6Z1O3vE1krgXZNrsQ+LFTGHVxVjcXPs17LhbZVGedAJv8XZ1tvj5FvSg=="
    },
    "node_modules/lower-case": {
      "version": "2.0.2",
      "resolved": "https://registry.npmjs.org/lower-case/-/lower-case-2.0.2.tgz",
      "integrity": "sha512-7fm3l3NAF9WfN6W3JOmf5drwpVqX78JtoGJ3A6W0a6ZnldM41w2fV5D490psKFTpMds8TJse/eHLFFsNHHjHgg==",
      "dependencies": {
        "tslib": "^2.0.3"
      }
    },
    "node_modules/minimatch": {
      "version": "3.1.2",
      "resolved": "https://registry.npmjs.org/minimatch/-/minimatch-3.1.2.tgz",
      "integrity": "sha512-J7p63hRiAjw1NDEww1W7i37+ByIrOWO5XQQAzZ3VOcL0PNybwpfmV/N05zFAzwQ9USyEcX6t3UO+K5aqBQOIHw==",
      "dependencies": {
        "brace-expansion": "^1.1.7"
      },
      "engines": {
        "node": "*"
      }
    },
    "node_modules/no-case": {
      "version": "3.0.4",
      "resolved": "https://registry.npmjs.org/no-case/-/no-case-3.0.4.tgz",
      "integrity": "sha512-fgAN3jGAh+RoxUGZHTSOLJIqUc2wmoBwGR4tbpNAKmmovFoWq0OdRkb0VkldReO2a2iBT/OEulG9XSUc10r3zg==",
      "dependencies": {
        "lower-case": "^2.0.2",
        "tslib": "^2.0.3"
      }
    },
    "node_modules/once": {
      "version": "1.4.0",
      "resolved": "https://registry.npmjs.org/once/-/once-1.4.0.tgz",
      "integrity": "sha512-lNaJgI+2Q5URQBkccEKHTQOPaXdUxnZZElQTZY0MFUAuaEqe1E+Nyvgdz/aIyNi6Z9MzO5dv1H8n58/GELp3+w==",
      "dependencies": {
        "wrappy": "1"
      }
    },
    "node_modules/pascal-case": {
      "version": "3.1.2",
      "resolved": "https://registry.npmjs.org/pascal-case/-/pascal-case-3.1.2.tgz",
      "integrity": "sha512-uWlGT3YSnK9x3BQJaOdcZwrnV6hPpd8jFH1/ucpiLRPh/2zCVJKS19E4GvYHvaCcACn3foXZ0cLB9Wrx1KGe5g==",
      "dependencies": {
        "no-case": "^3.0.4",
        "tslib": "^2.0.3"
      }
    },
    "node_modules/path-is-absolute": {
      "version": "1.0.1",
      "resolved": "https://registry.npmjs.org/path-is-absolute/-/path-is-absolute-1.0.1.tgz",
      "integrity": "sha512-AVbw3UJ2e9bq64vSaS9Am0fje1Pa8pbGqTTsmXfaIiMpnr5DlDhfJOuLj9Sf95ZPVDAUerDfEk88MPmPe7UCQg==",
      "engines": {
        "node": ">=0.10.0"
      }
    },
    "node_modules/path-to-regexp": {
      "version": "6.2.1",
      "resolved": "https://registry.npmjs.org/path-to-regexp/-/path-to-regexp-6.2.1.tgz",
      "integrity": "sha512-JLyh7xT1kizaEvcaXOQwOc2/Yhw6KZOvPf1S8401UyLk86CU79LN3vl7ztXGm/pZ+YjoyAJ4rxmHwbkBXJX+yw=="
    },
    "node_modules/prettier": {
      "version": "2.8.8",
      "resolved": "https://registry.npmjs.org/prettier/-/prettier-2.8.8.tgz",
      "integrity": "sha512-tdN8qQGvNjw4CHbY+XXk0JgCXn9QiF21a55rBe5LJAU+kDyC4WQn4+awm2Xfk2lQMk5fKup9XgzTZtGkjBdP9Q==",
      "bin": {
        "prettier": "bin-prettier.js"
      },
      "engines": {
        "node": ">=10.13.0"
      },
      "funding": {
        "url": "https://github.com/prettier/prettier?sponsor=1"
      }
    },
    "node_modules/ts-poet": {
      "version": "4.15.0",
      "resolved": "https://registry.npmjs.org/ts-poet/-/ts-poet-4.15.0.tgz",
      "integrity": "sha512-sLLR8yQBvHzi9d4R1F4pd+AzQxBfzOSSjfxiJxQhkUoH5bL7RsAC6wgvtVUQdGqiCsyS9rT6/8X2FI7ipdir5g==",
      "dependencies": {
        "lodash": "^4.17.15",
        "prettier": "^2.5.1"
      }
    },
    "node_modules/tslib": {
      "version": "2.6.1",
      "resolved": "https://registry.npmjs.org/tslib/-/tslib-2.6.1.tgz",
      "integrity": "sha512-t0hLfiEKfMUoqhG+U1oid7Pva4bbDPHYfJNiB7BiIjRkj1pyC++4N3huJfqY6aRH6VTB0rvtzQwjM4K6qpfOig=="
    },
    "node_modules/tunnel": {
      "version": "0.0.6",
      "resolved": "https://registry.npmjs.org/tunnel/-/tunnel-0.0.6.tgz",
      "integrity": "sha512-1h/Lnq9yajKY2PEbBadPXj3VxsDDu844OnaAo52UVmIzIvwwtBPIuNvkjuzBlTWpfJyUbG3ez0KSBibQkj4ojg==",
      "engines": {
        "node": ">=0.6.11 <=0.7.0 || >=0.7.3"
      }
    },
    "node_modules/twirp-ts": {
      "version": "2.5.0",
      "resolved": "https://registry.npmjs.org/twirp-ts/-/twirp-ts-2.5.0.tgz",
      "integrity": "sha512-JTKIK5Pf/+3qCrmYDFlqcPPUx+ohEWKBaZy8GL8TmvV2VvC0SXVyNYILO39+GCRbqnuP6hBIF+BVr8ZxRz+6fw==",
      "dependencies": {
        "@protobuf-ts/plugin-framework": "^2.0.7",
        "camel-case": "^4.1.2",
        "dot-object": "^2.1.4",
        "path-to-regexp": "^6.2.0",
        "ts-poet": "^4.5.0",
        "yaml": "^1.10.2"
      },
      "bin": {
        "protoc-gen-twirp_ts": "protoc-gen-twirp_ts"
      },
      "peerDependencies": {
        "@protobuf-ts/plugin": "^2.5.0",
        "ts-proto": "^1.81.3"
      },
      "peerDependenciesMeta": {
        "@protobuf-ts/plugin": {
          "optional": true
        },
        "ts-proto": {
          "optional": true
        }
      }
    },
    "node_modules/typescript": {
      "version": "3.9.10",
      "resolved": "https://registry.npmjs.org/typescript/-/typescript-3.9.10.tgz",
      "integrity": "sha512-w6fIxVE/H1PkLKcCPsFqKE7Kv7QUwhU8qQY2MueZXWx5cPZdwFupLgKK3vntcK98BtNHZtAF4LA/yl2a7k8R6Q==",
      "bin": {
        "tsc": "bin/tsc",
        "tsserver": "bin/tsserver"
      },
      "engines": {
        "node": ">=4.2.0"
      }
    },
    "node_modules/uuid": {
      "version": "8.3.2",
      "resolved": "https://registry.npmjs.org/uuid/-/uuid-8.3.2.tgz",
      "integrity": "sha512-+NYs2QeMWy+GWFOEm9xnn6HCDp0l7QBD7ml8zLUmJ+93Q5NF0NocErnwkTkXVFNiX3/fpC6afS8Dhb/gz7R7eg==",
      "bin": {
        "uuid": "dist/bin/uuid"
      }
    },
    "node_modules/wrappy": {
      "version": "1.0.2",
      "resolved": "https://registry.npmjs.org/wrappy/-/wrappy-1.0.2.tgz",
      "integrity": "sha512-l4Sp/DRseor9wL6EvV2+TuQn63dMkPjZ/sp9XkghTEbV9KlPS1xUsZ3u7/IQO4wxtcFB4bgpQPRcR3QCvezPcQ=="
    },
    "node_modules/yaml": {
      "version": "1.10.2",
      "resolved": "https://registry.npmjs.org/yaml/-/yaml-1.10.2.tgz",
      "integrity": "sha512-r3vXyErRCYJ7wg28yvBY5VSoAF8ZvlcW9/BwUzEtUsjvX/DKs24dIkuwjtuprwJJHsbyUbLApepYTR1BN4uHrg==",
      "engines": {
        "node": ">= 6"
      }
    }
  },
  "dependencies": {
    "@actions/core": {
      "version": "1.10.0",
      "resolved": "https://registry.npmjs.org/@actions/core/-/core-1.10.0.tgz",
      "integrity": "sha512-2aZDDa3zrrZbP5ZYg159sNoLRb61nQ7awl5pSvIq5Qpj81vwDzdMRKzkWJGJuwVvWpvZKx7vspJALyvaaIQyug==",
      "requires": {
        "@actions/http-client": "^2.0.1",
        "uuid": "^8.3.2"
      }
    },
    "@actions/http-client": {
      "version": "2.1.0",
      "resolved": "https://registry.npmjs.org/@actions/http-client/-/http-client-2.1.0.tgz",
      "integrity": "sha512-BonhODnXr3amchh4qkmjPMUO8mFi/zLaaCeCAJZqch8iQqyDnVIkySjB38VHAC8IJ+bnlgfOqlhpyCUZHlQsqw==",
      "requires": {
        "tunnel": "^0.0.6"
      }
    },
    "@protobuf-ts/plugin": {
      "version": "2.2.3-alpha.1",
      "resolved": "https://registry.npmjs.org/@protobuf-ts/plugin/-/plugin-2.2.3-alpha.1.tgz",
      "integrity": "sha512-uL09hxNeB3ym9ubeHCOjyJczIhQFhowmMUFD9FFAZrzwnGxYvnetcmILmIQf1mWaoLbWKmlVjS7ju/Xe6G6rKw==",
      "requires": {
        "@protobuf-ts/plugin-framework": "^2.2.3-alpha.1",
        "@protobuf-ts/protoc": "^2.2.3-alpha.1",
        "@protobuf-ts/runtime": "^2.2.3-alpha.1",
        "@protobuf-ts/runtime-rpc": "^2.2.3-alpha.1",
        "typescript": "^3.9"
      }
    },
    "@protobuf-ts/plugin-framework": {
      "version": "2.9.1",
      "resolved": "https://registry.npmjs.org/@protobuf-ts/plugin-framework/-/plugin-framework-2.9.1.tgz",
      "integrity": "sha512-/4sHdsXjp6KKkbpcCLUHpMfdYsCaqqQHRAwoxVzHmltsotw06B/K9HglZtkQx0IpLO4eeF3vNr3n7qzjD3e2zA==",
      "requires": {
        "@protobuf-ts/runtime": "^2.9.1",
        "typescript": "^3.9"
      }
    },
    "@protobuf-ts/protoc": {
      "version": "2.9.1",
      "resolved": "https://registry.npmjs.org/@protobuf-ts/protoc/-/protoc-2.9.1.tgz",
      "integrity": "sha512-/q2iVDwVDijfZlFZnnm3W6ALbybNskNSww88TfYBaJH49PuQMqhcXUPRu28UouJr9sc/Lr5k6t0TB9Nff3UIsA=="
    },
    "@protobuf-ts/runtime": {
      "version": "2.9.1",
      "resolved": "https://registry.npmjs.org/@protobuf-ts/runtime/-/runtime-2.9.1.tgz",
      "integrity": "sha512-ZTc8b+pQ6bwxZa3qg9/IO/M/brRkvr0tic9cSGgAsDByfPrtatT2300wTIRLDk8X9WTW1tT+FhyqmcrbMHTeww=="
    },
    "@protobuf-ts/runtime-rpc": {
      "version": "2.9.1",
      "resolved": "https://registry.npmjs.org/@protobuf-ts/runtime-rpc/-/runtime-rpc-2.9.1.tgz",
      "integrity": "sha512-pzO20J6s07LTWcj8hKAXh/dAacU5HIVir6SANKXXH8G0pn0VIIB4FFECq5Hbv25/8PQoOGZ7iApq/DMHaSjGhg==",
      "requires": {
        "@protobuf-ts/runtime": "^2.9.1"
      }
    },
    "balanced-match": {
      "version": "1.0.2",
      "resolved": "https://registry.npmjs.org/balanced-match/-/balanced-match-1.0.2.tgz",
      "integrity": "sha512-3oSeUO0TMV67hN1AmbXsK4yaqU7tjiHlbxRDZOpH0KW9+CeX4bRAaX0Anxt0tx2MrpRpWwQaPwIlISEJhYU5Pw=="
    },
    "brace-expansion": {
      "version": "1.1.11",
      "resolved": "https://registry.npmjs.org/brace-expansion/-/brace-expansion-1.1.11.tgz",
      "integrity": "sha512-iCuPHDFgrHX7H2vEI/5xpz07zSHB00TpugqhmYtVmMO6518mCuRMoOYFldEBl0g187ufozdaHgWKcYFb61qGiA==",
      "requires": {
        "balanced-match": "^1.0.0",
        "concat-map": "0.0.1"
      }
    },
    "camel-case": {
      "version": "4.1.2",
      "resolved": "https://registry.npmjs.org/camel-case/-/camel-case-4.1.2.tgz",
      "integrity": "sha512-gxGWBrTT1JuMx6R+o5PTXMmUnhnVzLQ9SNutD4YqKtI6ap897t3tKECYla6gCWEkplXnlNybEkZg9GEGxKFCgw==",
      "requires": {
        "pascal-case": "^3.1.2",
        "tslib": "^2.0.3"
      }
    },
    "commander": {
      "version": "4.1.1",
      "resolved": "https://registry.npmjs.org/commander/-/commander-4.1.1.tgz",
      "integrity": "sha512-NOKm8xhkzAjzFx8B2v5OAHT+u5pRQc2UCa2Vq9jYL/31o2wi9mxBA7LIFs3sV5VSC49z6pEhfbMULvShKj26WA=="
    },
    "concat-map": {
      "version": "0.0.1",
      "resolved": "https://registry.npmjs.org/concat-map/-/concat-map-0.0.1.tgz",
      "integrity": "sha512-/Srv4dswyQNBfohGpz9o6Yb3Gz3SrUDqBH5rTuhGR7ahtlbYKnVxw2bCFMRljaA7EXHaXZ8wsHdodFvbkhKmqg=="
    },
    "dot-object": {
      "version": "2.1.4",
      "resolved": "https://registry.npmjs.org/dot-object/-/dot-object-2.1.4.tgz",
      "integrity": "sha512-7FXnyyCLFawNYJ+NhkqyP9Wd2yzuo+7n9pGiYpkmXCTYa8Ci2U0eUNDVg5OuO5Pm6aFXI2SWN8/N/w7SJWu1WA==",
      "requires": {
        "commander": "^4.0.0",
        "glob": "^7.1.5"
      }
    },
    "fs.realpath": {
      "version": "1.0.0",
      "resolved": "https://registry.npmjs.org/fs.realpath/-/fs.realpath-1.0.0.tgz",
      "integrity": "sha512-OO0pH2lK6a0hZnAdau5ItzHPI6pUlvI7jMVnxUQRtw4owF2wk8lOSabtGDCTP4Ggrg2MbGnWO9X8K1t4+fGMDw=="
    },
    "glob": {
      "version": "7.2.3",
      "resolved": "https://registry.npmjs.org/glob/-/glob-7.2.3.tgz",
      "integrity": "sha512-nFR0zLpU2YCaRxwoCJvL6UvCH2JFyFVIvwTLsIf21AuHlMskA1hhTdk+LlYJtOlYt9v6dvszD2BGRqBL+iQK9Q==",
      "requires": {
        "fs.realpath": "^1.0.0",
        "inflight": "^1.0.4",
        "inherits": "2",
        "minimatch": "^3.1.1",
        "once": "^1.3.0",
        "path-is-absolute": "^1.0.0"
      }
    },
    "inflight": {
      "version": "1.0.6",
      "resolved": "https://registry.npmjs.org/inflight/-/inflight-1.0.6.tgz",
      "integrity": "sha512-k92I/b08q4wvFscXCLvqfsHCrjrF7yiXsQuIVvVE7N82W3+aqpzuUdBbfhWcy/FZR3/4IgflMgKLOsvPDrGCJA==",
      "requires": {
        "once": "^1.3.0",
        "wrappy": "1"
      }
    },
    "inherits": {
      "version": "2.0.4",
      "resolved": "https://registry.npmjs.org/inherits/-/inherits-2.0.4.tgz",
      "integrity": "sha512-k/vGaX4/Yla3WzyMCvTQOXYeIHvqOKtnqBduzTHpzpQZzAskKMhZ2K+EnBiSM9zGSoIFeMpXKxa4dYeZIQqewQ=="
    },
    "lodash": {
      "version": "4.17.21",
      "resolved": "https://registry.npmjs.org/lodash/-/lodash-4.17.21.tgz",
      "integrity": "sha512-v2kDEe57lecTulaDIuNTPy3Ry4gLGJ6Z1O3vE1krgXZNrsQ+LFTGHVxVjcXPs17LhbZVGedAJv8XZ1tvj5FvSg=="
    },
    "lower-case": {
      "version": "2.0.2",
      "resolved": "https://registry.npmjs.org/lower-case/-/lower-case-2.0.2.tgz",
      "integrity": "sha512-7fm3l3NAF9WfN6W3JOmf5drwpVqX78JtoGJ3A6W0a6ZnldM41w2fV5D490psKFTpMds8TJse/eHLFFsNHHjHgg==",
      "requires": {
        "tslib": "^2.0.3"
      }
    },
    "minimatch": {
      "version": "3.1.2",
      "resolved": "https://registry.npmjs.org/minimatch/-/minimatch-3.1.2.tgz",
      "integrity": "sha512-J7p63hRiAjw1NDEww1W7i37+ByIrOWO5XQQAzZ3VOcL0PNybwpfmV/N05zFAzwQ9USyEcX6t3UO+K5aqBQOIHw==",
      "requires": {
        "brace-expansion": "^1.1.7"
      }
    },
    "no-case": {
      "version": "3.0.4",
      "resolved": "https://registry.npmjs.org/no-case/-/no-case-3.0.4.tgz",
      "integrity": "sha512-fgAN3jGAh+RoxUGZHTSOLJIqUc2wmoBwGR4tbpNAKmmovFoWq0OdRkb0VkldReO2a2iBT/OEulG9XSUc10r3zg==",
      "requires": {
        "lower-case": "^2.0.2",
        "tslib": "^2.0.3"
      }
    },
    "once": {
      "version": "1.4.0",
      "resolved": "https://registry.npmjs.org/once/-/once-1.4.0.tgz",
      "integrity": "sha512-lNaJgI+2Q5URQBkccEKHTQOPaXdUxnZZElQTZY0MFUAuaEqe1E+Nyvgdz/aIyNi6Z9MzO5dv1H8n58/GELp3+w==",
      "requires": {
        "wrappy": "1"
      }
    },
    "pascal-case": {
      "version": "3.1.2",
      "resolved": "https://registry.npmjs.org/pascal-case/-/pascal-case-3.1.2.tgz",
      "integrity": "sha512-uWlGT3YSnK9x3BQJaOdcZwrnV6hPpd8jFH1/ucpiLRPh/2zCVJKS19E4GvYHvaCcACn3foXZ0cLB9Wrx1KGe5g==",
      "requires": {
        "no-case": "^3.0.4",
        "tslib": "^2.0.3"
      }
    },
    "path-is-absolute": {
      "version": "1.0.1",
      "resolved": "https://registry.npmjs.org/path-is-absolute/-/path-is-absolute-1.0.1.tgz",
      "integrity": "sha512-AVbw3UJ2e9bq64vSaS9Am0fje1Pa8pbGqTTsmXfaIiMpnr5DlDhfJOuLj9Sf95ZPVDAUerDfEk88MPmPe7UCQg=="
    },
    "path-to-regexp": {
      "version": "6.2.1",
      "resolved": "https://registry.npmjs.org/path-to-regexp/-/path-to-regexp-6.2.1.tgz",
      "integrity": "sha512-JLyh7xT1kizaEvcaXOQwOc2/Yhw6KZOvPf1S8401UyLk86CU79LN3vl7ztXGm/pZ+YjoyAJ4rxmHwbkBXJX+yw=="
    },
    "prettier": {
      "version": "2.8.8",
      "resolved": "https://registry.npmjs.org/prettier/-/prettier-2.8.8.tgz",
      "integrity": "sha512-tdN8qQGvNjw4CHbY+XXk0JgCXn9QiF21a55rBe5LJAU+kDyC4WQn4+awm2Xfk2lQMk5fKup9XgzTZtGkjBdP9Q=="
    },
    "ts-poet": {
      "version": "4.15.0",
      "resolved": "https://registry.npmjs.org/ts-poet/-/ts-poet-4.15.0.tgz",
      "integrity": "sha512-sLLR8yQBvHzi9d4R1F4pd+AzQxBfzOSSjfxiJxQhkUoH5bL7RsAC6wgvtVUQdGqiCsyS9rT6/8X2FI7ipdir5g==",
      "requires": {
        "lodash": "^4.17.15",
        "prettier": "^2.5.1"
      }
    },
    "tslib": {
      "version": "2.6.1",
      "resolved": "https://registry.npmjs.org/tslib/-/tslib-2.6.1.tgz",
      "integrity": "sha512-t0hLfiEKfMUoqhG+U1oid7Pva4bbDPHYfJNiB7BiIjRkj1pyC++4N3huJfqY6aRH6VTB0rvtzQwjM4K6qpfOig=="
    },
    "tunnel": {
      "version": "0.0.6",
      "resolved": "https://registry.npmjs.org/tunnel/-/tunnel-0.0.6.tgz",
      "integrity": "sha512-1h/Lnq9yajKY2PEbBadPXj3VxsDDu844OnaAo52UVmIzIvwwtBPIuNvkjuzBlTWpfJyUbG3ez0KSBibQkj4ojg=="
    },
    "twirp-ts": {
      "version": "2.5.0",
      "resolved": "https://registry.npmjs.org/twirp-ts/-/twirp-ts-2.5.0.tgz",
      "integrity": "sha512-JTKIK5Pf/+3qCrmYDFlqcPPUx+ohEWKBaZy8GL8TmvV2VvC0SXVyNYILO39+GCRbqnuP6hBIF+BVr8ZxRz+6fw==",
      "requires": {
        "@protobuf-ts/plugin-framework": "^2.0.7",
        "camel-case": "^4.1.2",
        "dot-object": "^2.1.4",
        "path-to-regexp": "^6.2.0",
        "ts-poet": "^4.5.0",
        "yaml": "^1.10.2"
      }
    },
    "typescript": {
      "version": "3.9.10",
      "resolved": "https://registry.npmjs.org/typescript/-/typescript-3.9.10.tgz",
      "integrity": "sha512-w6fIxVE/H1PkLKcCPsFqKE7Kv7QUwhU8qQY2MueZXWx5cPZdwFupLgKK3vntcK98BtNHZtAF4LA/yl2a7k8R6Q=="
    },
    "uuid": {
      "version": "8.3.2",
      "resolved": "https://registry.npmjs.org/uuid/-/uuid-8.3.2.tgz",
      "integrity": "sha512-+NYs2QeMWy+GWFOEm9xnn6HCDp0l7QBD7ml8zLUmJ+93Q5NF0NocErnwkTkXVFNiX3/fpC6afS8Dhb/gz7R7eg=="
    },
    "wrappy": {
      "version": "1.0.2",
      "resolved": "https://registry.npmjs.org/wrappy/-/wrappy-1.0.2.tgz",
      "integrity": "sha512-l4Sp/DRseor9wL6EvV2+TuQn63dMkPjZ/sp9XkghTEbV9KlPS1xUsZ3u7/IQO4wxtcFB4bgpQPRcR3QCvezPcQ=="
    },
    "yaml": {
      "version": "1.10.2",
      "resolved": "https://registry.npmjs.org/yaml/-/yaml-1.10.2.tgz",
      "integrity": "sha512-r3vXyErRCYJ7wg28yvBY5VSoAF8ZvlcW9/BwUzEtUsjvX/DKs24dIkuwjtuprwJJHsbyUbLApepYTR1BN4uHrg=="
    }
  }
}
