{
  "name": "@actions/cache",
  "version": "5.3.0",
  "lockfileVersion": 3,
  "requires": true,
  "packages": {
    "": {
      "name": "@actions/cache",
      "version": "5.3.0",
      "license": "MIT",
      "dependencies": {
        "@actions/core": "^2.0.3",
        "@actions/exec": "^2.0.0",
        "@actions/glob": "^0.5.1",
        "@actions/http-client": "^3.0.2",
        "@actions/io": "^2.0.0",
        "@azure/abort-controller": "^1.1.0",
        "@azure/core-rest-pipeline": "^1.25.0",
        "@azure/storage-blob": "^12.34.0",
        "@protobuf-ts/runtime-rpc": "^2.11.1",
        "semver": "^6.3.1"
      },
      "devDependencies": {
        "@protobuf-ts/plugin": "^2.11.1",
        "@types/node": "^24.13.6",
        "@types/semver": "^6.2.7",
        "typescript": "^5.9.3"
      }
    },
    "node_modules/@actions/core": {
      "version": "2.0.3",
      "resolved": "https://registry.npmjs.org/@actions/core/-/core-2.0.3.tgz",
      "integrity": "sha512-Od9Thc3T1mQJYddvVPM4QGiLUewdh+3txmDYHHxoNdkqysR1MbCT+rFOtNUxYAz+7+6RIsqipVahY2GJqGPyxA==",
      "license": "MIT",
      "dependencies": {
        "@actions/exec": "^2.0.0",
        "@actions/http-client": "^3.0.2"
      }
    },
    "node_modules/@actions/exec": {
      "version": "2.0.0",
      "resolved": "https://registry.npmjs.org/@actions/exec/-/exec-2.0.0.tgz",
      "integrity": "sha512-k8ngrX2voJ/RIN6r9xB82NVqKpnMRtxDoiO+g3olkIUpQNqjArXrCQceduQZCQj3P3xm32pChRLqRrtXTlqhIw==",
      "license": "MIT",
      "dependencies": {
        "@actions/io": "^2.0.0"
      }
    },
    "node_modules/@actions/glob": {
      "version": "0.5.1",
      "resolved": "https://registry.npmjs.org/@actions/glob/-/glob-0.5.1.tgz",
      "integrity": "sha512-+dv/t2aKQdKp9WWSp+1yIXVJzH5Q38M0Mta26pzIbeec14EcIleMB7UU6N7sNgbEuYfyuVGpE5pOKjl6j1WXkA==",
      "license": "MIT",
      "dependencies": {
        "@actions/core": "^2.0.3",
        "minimatch": "^3.0.4"
      }
    },
    "node_modules/@actions/http-client": {
      "version": "3.0.2",
      "resolved": "https://registry.npmjs.org/@actions/http-client/-/http-client-3.0.2.tgz",
      "integrity": "sha512-JP38FYYpyqvUsz+Igqlc/JG6YO9PaKuvqjM3iGvaLqFnJ7TFmcLyy2IDrY0bI0qCQug8E9K+elv5ZNfw62ZJzA==",
      "license": "MIT",
      "dependencies": {
        "tunnel": "^0.0.6",
        "undici": "^6.23.0"
      }
    },
    "node_modules/@actions/io": {
      "version": "2.0.0",
      "resolved": "https://registry.npmjs.org/@actions/io/-/io-2.0.0.tgz",
      "integrity": "sha512-Jv33IN09XLO+0HS79aaODsvIRyduiF7NY/F6LYeK5oeUmrsz7aFdRphQjFoESF4jS7lMauDOttKALcpapVDIAg==",
      "license": "MIT"
    },
    "node_modules/@azure/abort-controller": {
      "version": "1.1.0",
      "resolved": "https://registry.npmjs.org/@azure/abort-controller/-/abort-controller-1.1.0.tgz",
      "integrity": "sha512-TrRLIoSQVzfAJX9H1JeFjzAoDGcoK1IYX1UImfceTZpsyYfWr09Ss1aHW1y5TrrR3iq6RZLBwJ3E24uwPhwahw==",
      "license": "MIT",
      "dependencies": {
        "tslib": "^2.2.0"
      },
      "engines": {
        "node": ">=12.0.0"
      }
    },
    "node_modules/@azure/core-auth": {
      "version": "1.10.1",
      "resolved": "https://registry.npmjs.org/@azure/core-auth/-/core-auth-1.10.1.tgz",
      "integrity": "sha512-ykRMW8PjVAn+RS6ww5cmK9U2CyH9p4Q88YJwvUslfuMmN98w/2rdGRLPqJYObapBCdzBVeDgYWdJnFPFb7qzpg==",
      "license": "MIT",
      "dependencies": {
        "@azure/abort-controller": "^2.1.2",
        "@azure/core-util": "^1.13.0",
        "tslib": "^2.6.2"
      },
      "engines": {
        "node": ">=20.0.0"
      }
    },
    "node_modules/@azure/core-auth/node_modules/@azure/abort-controller": {
      "version": "2.1.2",
      "resolved": "https://registry.npmjs.org/@azure/abort-controller/-/abort-controller-2.1.2.tgz",
      "integrity": "sha512-nBrLsEWm4J2u5LpAPjxADTlq3trDgVZZXHNKabeXZtpq3d3AbN/KGO82R87rdDz5/lYB024rtEf10/q0urNgsA==",
      "license": "MIT",
      "dependencies": {
        "tslib": "^2.6.2"
      },
      "engines": {
        "node": ">=18.0.0"
      }
    },
    "node_modules/@azure/core-client": {
      "version": "1.11.1",
      "resolved": "https://registry.npmjs.org/@azure/core-client/-/core-client-1.11.1.tgz",
      "integrity": "sha512-2QygG2F76ZpMP2eMztiJvAiFMu71M9rDeU7vO/QKg5Css7MgM4frUOslFjhVjRhbGaCNPtz/S8M6y46/fFKVuQ==",
      "license": "MIT",
      "dependencies": {
        "@azure/abort-controller": "^2.1.2",
        "@azure/core-auth": "^1.10.0",
        "@azure/core-rest-pipeline": "^1.22.0",
        "@azure/core-tracing": "^1.3.0",
        "@azure/core-util": "^1.13.0",
        "@azure/logger": "^1.3.0",
        "tslib": "^2.6.2"
      },
      "engines": {
        "node": ">=22.0.0"
      }
    },
    "node_modules/@azure/core-client/node_modules/@azure/abort-controller": {
      "version": "2.2.0",
      "resolved": "https://registry.npmjs.org/@azure/abort-controller/-/abort-controller-2.2.0.tgz",
      "integrity": "sha512-fNAjWnA/nZ2jz31kxR/AqRaUT8ewHBw/WuBIosK0moMy1C9e5ValbDfFdIxJzVOOYaYkV/b2F1S4H/aHiqfVQg==",
      "license": "MIT",
      "dependencies": {
        "tslib": "^2.6.2"
      },
      "engines": {
        "node": ">=22.0.0"
      }
    },
    "node_modules/@azure/core-http-compat": {
      "version": "2.5.0",
      "resolved": "https://registry.npmjs.org/@azure/core-http-compat/-/core-http-compat-2.5.0.tgz",
      "integrity": "sha512-BoSmXPx2er1Ai+wKlDvj29jIQespCNBwEmKyZVHO2kEFsWbGjAjwMCGzug3DJM5/QYIV3vej0S1zcU5bq9fa8w==",
      "license": "MIT",
      "dependencies": {
        "@azure/abort-controller": "^2.1.2"
      },
      "engines": {
        "node": ">=22.0.0"
      },
      "peerDependencies": {
        "@azure/core-client": "^1.10.0",
        "@azure/core-rest-pipeline": "^1.22.0"
      }
    },
    "node_modules/@azure/core-http-compat/node_modules/@azure/abort-controller": {
      "version": "2.2.0",
      "resolved": "https://registry.npmjs.org/@azure/abort-controller/-/abort-controller-2.2.0.tgz",
      "integrity": "sha512-fNAjWnA/nZ2jz31kxR/AqRaUT8ewHBw/WuBIosK0moMy1C9e5ValbDfFdIxJzVOOYaYkV/b2F1S4H/aHiqfVQg==",
      "license": "MIT",
      "dependencies": {
        "tslib": "^2.6.2"
      },
      "engines": {
        "node": ">=22.0.0"
      }
    },
    "node_modules/@azure/core-lro": {
      "version": "2.7.2",
      "resolved": "https://registry.npmjs.org/@azure/core-lro/-/core-lro-2.7.2.tgz",
      "integrity": "sha512-0YIpccoX8m/k00O7mDDMdJpbr6mf1yWo2dfmxt5A8XVZVVMz2SSKaEbMCeJRvgQ0IaSlqhjT47p4hVIRRy90xw==",
      "license": "MIT",
      "dependencies": {
        "@azure/abort-controller": "^2.0.0",
        "@azure/core-util": "^1.2.0",
        "@azure/logger": "^1.0.0",
        "tslib": "^2.6.2"
      },
      "engines": {
        "node": ">=18.0.0"
      }
    },
    "node_modules/@azure/core-lro/node_modules/@azure/abort-controller": {
      "version": "2.1.2",
      "resolved": "https://registry.npmjs.org/@azure/abort-controller/-/abort-controller-2.1.2.tgz",
      "integrity": "sha512-nBrLsEWm4J2u5LpAPjxADTlq3trDgVZZXHNKabeXZtpq3d3AbN/KGO82R87rdDz5/lYB024rtEf10/q0urNgsA==",
      "license": "MIT",
      "dependencies": {
        "tslib": "^2.6.2"
      },
      "engines": {
        "node": ">=18.0.0"
      }
    },
    "node_modules/@azure/core-paging": {
      "version": "1.6.2",
      "resolved": "https://registry.npmjs.org/@azure/core-paging/-/core-paging-1.6.2.tgz",
      "integrity": "sha512-YKWi9YuCU04B55h25cnOYZHxXYtEvQEbKST5vqRga7hWY9ydd3FZHdeQF8pyh+acWZvppw13M/LMGx0LABUVMA==",
      "license": "MIT",
      "dependencies": {
        "tslib": "^2.6.2"
      },
      "engines": {
        "node": ">=18.0.0"
      }
    },
    "node_modules/@azure/core-rest-pipeline": {
      "version": "1.25.0",
      "resolved": "https://registry.npmjs.org/@azure/core-rest-pipeline/-/core-rest-pipeline-1.25.0.tgz",
      "integrity": "sha512-bMs8ekJLjX8wPV+9IPBges1SLPyuDtE9g5gLDWOpxzKcoOFQnpLGkbcT1tdw3FaAmDS1gnPmMmJ6y/T5B96kIA==",
      "license": "MIT",
      "dependencies": {
        "@azure/abort-controller": "^2.1.2",
        "@azure/core-auth": "^1.10.0",
        "@azure/core-tracing": "^1.3.0",
        "@azure/core-util": "^1.13.0",
        "@azure/logger": "^1.3.0",
        "@typespec/ts-http-runtime": "^0.3.4",
        "tslib": "^2.6.2"
      },
      "engines": {
        "node": ">=22.0.0"
      }
    },
    "node_modules/@azure/core-rest-pipeline/node_modules/@azure/abort-controller": {
      "version": "2.1.2",
      "resolved": "https://registry.npmjs.org/@azure/abort-controller/-/abort-controller-2.1.2.tgz",
      "integrity": "sha512-nBrLsEWm4J2u5LpAPjxADTlq3trDgVZZXHNKabeXZtpq3d3AbN/KGO82R87rdDz5/lYB024rtEf10/q0urNgsA==",
      "license": "MIT",
      "dependencies": {
        "tslib": "^2.6.2"
      },
      "engines": {
        "node": ">=18.0.0"
      }
    },
    "node_modules/@azure/core-tracing": {
      "version": "1.3.1",
      "resolved": "https://registry.npmjs.org/@azure/core-tracing/-/core-tracing-1.3.1.tgz",
      "integrity": "sha512-9MWKevR7Hz8kNzzPLfX4EAtGM2b8mr50HPDBvio96bURP/9C+HjdH3sBlLSNNrvRAr5/k/svoH457gB5IKpmwQ==",
      "license": "MIT",
      "dependencies": {
        "tslib": "^2.6.2"
      },
      "engines": {
        "node": ">=20.0.0"
      }
    },
    "node_modules/@azure/core-util": {
      "version": "1.13.1",
      "resolved": "https://registry.npmjs.org/@azure/core-util/-/core-util-1.13.1.tgz",
      "integrity": "sha512-XPArKLzsvl0Hf0CaGyKHUyVgF7oDnhKoP85Xv6M4StF/1AhfORhZudHtOyf2s+FcbuQ9dPRAjB8J2KvRRMUK2A==",
      "license": "MIT",
      "dependencies": {
        "@azure/abort-controller": "^2.1.2",
        "@typespec/ts-http-runtime": "^0.3.0",
        "tslib": "^2.6.2"
      },
      "engines": {
        "node": ">=20.0.0"
      }
    },
    "node_modules/@azure/core-util/node_modules/@azure/abort-controller": {
      "version": "2.1.2",
      "resolved": "https://registry.npmjs.org/@azure/abort-controller/-/abort-controller-2.1.2.tgz",
      "integrity": "sha512-nBrLsEWm4J2u5LpAPjxADTlq3trDgVZZXHNKabeXZtpq3d3AbN/KGO82R87rdDz5/lYB024rtEf10/q0urNgsA==",
      "license": "MIT",
      "dependencies": {
        "tslib": "^2.6.2"
      },
      "engines": {
        "node": ">=18.0.0"
      }
    },
    "node_modules/@azure/core-xml": {
      "version": "1.5.0",
      "resolved": "https://registry.npmjs.org/@azure/core-xml/-/core-xml-1.5.0.tgz",
      "integrity": "sha512-D/sdlJBMJfx7gqoj66PKVmhDDaU6TKA49ptcolxdas29X7AfvLTmfAGLjAcIMBK7UZ2o4lygHIqVckOlQU3xWw==",
      "license": "MIT",
      "dependencies": {
        "fast-xml-parser": "^5.0.7",
        "tslib": "^2.8.1"
      },
      "engines": {
        "node": ">=20.0.0"
      }
    },
    "node_modules/@azure/logger": {
      "version": "1.3.0",
      "resolved": "https://registry.npmjs.org/@azure/logger/-/logger-1.3.0.tgz",
      "integrity": "sha512-fCqPIfOcLE+CGqGPd66c8bZpwAji98tZ4JI9i/mlTNTlsIWslCfpg48s/ypyLxZTump5sypjrKn2/kY7q8oAbA==",
      "license": "MIT",
      "dependencies": {
        "@typespec/ts-http-runtime": "^0.3.0",
        "tslib": "^2.6.2"
      },
      "engines": {
        "node": ">=20.0.0"
      }
    },
    "node_modules/@azure/storage-blob": {
      "version": "12.34.0",
      "resolved": "https://registry.npmjs.org/@azure/storage-blob/-/storage-blob-12.34.0.tgz",
      "integrity": "sha512-cXDTCAMwDx8Ng9yUe82kOOd2kPnZ8AQqe4FkLMcpaQ3Mvr3/PXVdvRhyP0FtY5/U5Oh6JGk3EcEibaFOymRLFw==",
      "license": "MIT",
      "dependencies": {
        "@azure/abort-controller": "^2.1.2",
        "@azure/core-auth": "^1.9.0",
        "@azure/core-client": "^1.9.3",
        "@azure/core-http-compat": "^2.2.0",
        "@azure/core-lro": "^2.2.0",
        "@azure/core-paging": "^1.6.2",
        "@azure/core-rest-pipeline": "^1.19.1",
        "@azure/core-tracing": "^1.2.0",
        "@azure/core-util": "^1.11.0",
        "@azure/core-xml": "^1.4.5",
        "@azure/logger": "^1.1.4",
        "@azure/storage-common": "^12.5.0",
        "apache-arrow": "^21.1.0",
        "events": "^3.0.0",
        "tslib": "^2.8.1"
      },
      "engines": {
        "node": ">=22.0.0"
      }
    },
    "node_modules/@azure/storage-blob/node_modules/@azure/abort-controller": {
      "version": "2.1.2",
      "resolved": "https://registry.npmjs.org/@azure/abort-controller/-/abort-controller-2.1.2.tgz",
      "integrity": "sha512-nBrLsEWm4J2u5LpAPjxADTlq3trDgVZZXHNKabeXZtpq3d3AbN/KGO82R87rdDz5/lYB024rtEf10/q0urNgsA==",
      "license": "MIT",
      "dependencies": {
        "tslib": "^2.6.2"
      },
      "engines": {
        "node": ">=18.0.0"
      }
    },
    "node_modules/@azure/storage-common": {
      "version": "12.5.0",
      "resolved": "https://registry.npmjs.org/@azure/storage-common/-/storage-common-12.5.0.tgz",
      "integrity": "sha512-bttzuhQiCIwrkzjPDA+AtAR7dg19L/CC6ztcqJ5LfvWpXuys9mHp0UQ0udYnoUvv9SCT9KTR5kqFvFr0e6k0lQ==",
      "license": "MIT",
      "dependencies": {
        "@azure/abort-controller": "^2.1.2",
        "@azure/core-auth": "^1.9.0",
        "@azure/core-http-compat": "^2.4.0",
        "@azure/core-rest-pipeline": "^1.24.0",
        "@azure/core-tracing": "^1.2.0",
        "@azure/core-util": "^1.11.0",
        "@azure/logger": "^1.1.4",
        "events": "^3.3.0",
        "tslib": "^2.8.1"
      },
      "engines": {
        "node": ">=22.0.0"
      }
    },
    "node_modules/@azure/storage-common/node_modules/@azure/abort-controller": {
      "version": "2.2.0",
      "resolved": "https://registry.npmjs.org/@azure/abort-controller/-/abort-controller-2.2.0.tgz",
      "integrity": "sha512-fNAjWnA/nZ2jz31kxR/AqRaUT8ewHBw/WuBIosK0moMy1C9e5ValbDfFdIxJzVOOYaYkV/b2F1S4H/aHiqfVQg==",
      "license": "MIT",
      "dependencies": {
        "tslib": "^2.6.2"
      },
      "engines": {
        "node": ">=22.0.0"
      }
    },
    "node_modules/@bufbuild/protobuf": {
      "version": "2.10.1",
      "resolved": "https://registry.npmjs.org/@bufbuild/protobuf/-/protobuf-2.10.1.tgz",
      "integrity": "sha512-ckS3+vyJb5qGpEYv/s1OebUHDi/xSNtfgw1wqKZo7MR9F2z+qXr0q5XagafAG/9O0QPVIUfST0smluYSTpYFkg==",
      "dev": true,
      "license": "(Apache-2.0 AND BSD-3-Clause)"
    },
    "node_modules/@bufbuild/protoplugin": {
      "version": "2.10.1",
      "resolved": "https://registry.npmjs.org/@bufbuild/protoplugin/-/protoplugin-2.10.1.tgz",
      "integrity": "sha512-imB8dKEjrOnG5+XqVS+CeYn924WGLU/g3wogKhk11XtX9y9NJ7432OS6h24asuBbLrQcPdEZ6QkfM7KeOCeeyQ==",
      "dev": true,
      "license": "Apache-2.0",
      "dependencies": {
        "@bufbuild/protobuf": "2.10.1",
        "@typescript/vfs": "^1.6.2",
        "typescript": "5.4.5"
      }
    },
    "node_modules/@bufbuild/protoplugin/node_modules/typescript": {
      "version": "5.4.5",
      "resolved": "https://registry.npmjs.org/typescript/-/typescript-5.4.5.tgz",
      "integrity": "sha512-vcI4UpRgg81oRFUw0WSIHKt11nJ7SAVlYNIu+QpqeyXP+gpQJy/Z4+F0aGxSE4MqwjyXvW/TzgkLAx2AGHwQ==",
      "dev": true,
      "license": "Apache-2.0",
      "bin": {
        "tsc": "bin/tsc",
        "tsserver": "bin/tsserver"
      },
      "engines": {
        "node": ">=14.17"
      }
    },
    "node_modules/@nodable/entities": {
      "version": "3.0.0",
      "resolved": "https://registry.npmjs.org/@nodable/entities/-/entities-3.0.0.tgz",
      "integrity": "sha512-8L9xFeTYKhm49xfIypoe2W5wV1m/3Z58kT+7kR9A8OyFxcPduI4VmxaUMQyKYrRjUoLLSXv6EKKID5Tvj9cUVw==",
      "funding": [
        {
          "type": "github",
          "url": "https://github.com/sponsors/nodable"
        }
      ],
      "license": "MIT"
    },
    "node_modules/@protobuf-ts/plugin": {
      "version": "2.11.1",
      "resolved": "https://registry.npmjs.org/@protobuf-ts/plugin/-/plugin-2.11.1.tgz",
      "integrity": "sha512-HyuprDcw0bEEJqkOWe1rnXUP0gwYLij8YhPuZyZk6cJbIgc/Q0IFgoHQxOXNIXAcXM4Sbehh6kjVnCzasElw1A==",
      "dev": true,
      "license": "Apache-2.0",
      "dependencies": {
        "@bufbuild/protobuf": "^2.4.0",
        "@bufbuild/protoplugin": "^2.4.0",
        "@protobuf-ts/protoc": "^2.11.1",
        "@protobuf-ts/runtime": "^2.11.1",
        "@protobuf-ts/runtime-rpc": "^2.11.1",
        "typescript": "^3.9"
      },
      "bin": {
        "protoc-gen-dump": "bin/protoc-gen-dump",
        "protoc-gen-ts": "bin/protoc-gen-ts"
      }
    },
    "node_modules/@protobuf-ts/plugin/node_modules/typescript": {
      "version": "3.9.10",
      "resolved": "https://registry.npmjs.org/typescript/-/typescript-3.9.10.tgz",
      "integrity": "sha512-w6fIxVE/H1PkLKcCPsFqKE7Kv7QUwhU8qQY2MueZXWx5cPZdwFupLgKK3vntcK98BtNHZtAF4LA/yl2a7k8R6Q==",
      "dev": true,
      "license": "Apache-2.0",
      "bin": {
        "tsc": "bin/tsc",
        "tsserver": "bin/tsserver"
      },
      "engines": {
        "node": ">=4.2.0"
      }
    },
    "node_modules/@protobuf-ts/protoc": {
      "version": "2.11.1",
      "resolved": "https://registry.npmjs.org/@protobuf-ts/protoc/-/protoc-2.11.1.tgz",
      "integrity": "sha512-mUZJaV0daGO6HUX90o/atzQ6A7bbN2RSuHtdwo8SSF2Qoe3zHwa4IHyCN1evftTeHfLmdz+45qo47sL+5P8nyg==",
      "dev": true,
      "license": "Apache-2.0",
      "bin": {
        "protoc": "protoc.js"
      }
    },
    "node_modules/@protobuf-ts/runtime": {
      "version": "2.11.1",
      "resolved": "https://registry.npmjs.org/@protobuf-ts/runtime/-/runtime-2.11.1.tgz",
      "integrity": "sha512-KuDaT1IfHkugM2pyz+FwiY80ejWrkH1pAtOBOZFuR6SXEFTsnb/jiQWQ1rCIrcKx2BtyxnxW6BWwsVSA/Ie+WQ==",
      "license": "(Apache-2.0 AND BSD-3-Clause)"
    },
    "node_modules/@protobuf-ts/runtime-rpc": {
      "version": "2.11.1",
      "resolved": "https://registry.npmjs.org/@protobuf-ts/runtime-rpc/-/runtime-rpc-2.11.1.tgz",
      "integrity": "sha512-4CqqUmNA+/uMz00+d3CYKgElXO9VrEbucjnBFEjqI4GuDrEQ32MaI3q+9qPBvIGOlL4PmHXrzM32vBPWRhQKWQ==",
      "license": "Apache-2.0",
      "dependencies": {
        "@protobuf-ts/runtime": "^2.11.1"
      }
    },
    "node_modules/@types/node": {
      "version": "24.13.6",
      "resolved": "https://registry.npmjs.org/@types/node/-/node-24.13.6.tgz",
      "integrity": "sha512-SGrw/h3KPFshy3OE6ZL53LMBG5vGQQ8/gIpiqz/kRZhPJ7HgwCEs8LBuNtWLa8dvGZVpSF7+Bf+c11HUrCb/yg==",
      "dev": true,
      "license": "MIT",
      "dependencies": {
        "undici-types": "~7.18.0"
      }
    },
    "node_modules/@types/semver": {
      "version": "6.2.7",
      "resolved": "https://registry.npmjs.org/@types/semver/-/semver-6.2.7.tgz",
      "integrity": "sha512-blctEWbzUFzQx799RZjzzIdBJOXmE37YYEyDtKkx5Dg+V7o/zyyAxLPiI98A2jdTtDgxZleMdfV+7p8WbRJ1OQ==",
      "dev": true,
      "license": "MIT"
    },
    "node_modules/@typescript/vfs": {
      "version": "1.6.2",
      "resolved": "https://registry.npmjs.org/@typescript/vfs/-/vfs-1.6.2.tgz",
      "integrity": "sha512-hoBwJwcbKHmvd2QVebiytN1aELvpk9B74B4L1mFm/XT1Q/VOYAWl2vQ9AWRFtQq8zmz6enTpfTV8WRc4ATjW/g==",
      "dev": true,
      "license": "MIT",
      "dependencies": {
        "debug": "^4.1.1"
      },
      "peerDependencies": {
        "typescript": "*"
      }
    },
    "node_modules/@typespec/ts-http-runtime": {
      "version": "0.3.9",
      "resolved": "https://registry.npmjs.org/@typespec/ts-http-runtime/-/ts-http-runtime-0.3.9.tgz",
      "integrity": "sha512-edSdeAqkdxBVzA1yL1LrLCml1YjyCVvPMtMqJpbF+6K609tHe8V6sQUzFQSGcYNhcuhOceZtjvN32+mpIth30A==",
      "license": "MIT",
      "dependencies": {
        "http-proxy-agent": "^7.0.0",
        "https-proxy-agent": "^7.0.0",
        "tslib": "^2.6.2"
      },
      "engines": {
        "node": ">=22.0.0"
      }
    },
    "node_modules/agent-base": {
      "version": "7.1.4",
      "resolved": "https://registry.npmjs.org/agent-base/-/agent-base-7.1.4.tgz",
      "integrity": "sha512-MnA+YT8fwfJPgBx3m60MNqakm30XOkyIoH1y6huTQvC0PwZG7ki8NacLBcrPbNoo8vEZy7Jpuk7+jMO+CUovTQ==",
      "license": "MIT",
      "engines": {
        "node": ">= 14"
      }
    },
    "node_modules/anynum": {
      "version": "1.0.1",
      "resolved": "https://registry.npmjs.org/anynum/-/anynum-1.0.1.tgz",
      "integrity": "sha512-N6//FLET/tXYNM/F6ABca1oH6fWB+KlTt909Le28WMDBk8oaT4vY17DCrwg2MvmuqUKt3Ni4N5dGJ/EoBgcO6A==",
      "funding": [
        {
          "type": "github",
          "url": "https://github.com/sponsors/NaturalIntelligence"
        }
      ],
      "license": "MIT"
    },
    "node_modules/apache-arrow": {
      "version": "21.2.0",
      "resolved": "https://registry.npmjs.org/apache-arrow/-/apache-arrow-21.2.0.tgz",
      "integrity": "sha512-Hxe6Agq26gQOM954qpzYSllJBPJl+e16U5CkfuMUhLrNba+5nKkttIVlflaovN6oaTratqMGAO8H5u/aNhmHWQ==",
      "license": "Apache-2.0",
      "dependencies": {
        "@types/node": "^25.2.0",
        "flatbuffers": "^25.1.24",
        "json-with-bigint": "^3.5.3",
        "tslib": "^2.6.2"
      },
      "bin": {
        "arrow2csv": "bin/arrow2csv.js"
      }
    },
    "node_modules/apache-arrow/node_modules/@types/node": {
      "version": "25.9.8",
      "resolved": "https://registry.npmjs.org/@types/node/-/node-25.9.8.tgz",
      "integrity": "sha512-VfMrScDmMhUJQmd5hArdQnFvK0OIeD36uN2Va1FcpYaLB/BgkgM8Ulc50XtYISPMz7APJ30+N0T5EM0jlcdfRw==",
      "license": "MIT",
      "dependencies": {
        "undici-types": ">=7.24.0 <7.24.7"
      }
    },
    "node_modules/apache-arrow/node_modules/undici-types": {
      "version": "7.24.6",
      "resolved": "https://registry.npmjs.org/undici-types/-/undici-types-7.24.6.tgz",
      "integrity": "sha512-WRNW+sJgj5OBN4/0JpHFqtqzhpbnV0GuB+OozA9gCL7a993SmU+1JBZCzLNxYsbMfIeDL+lTsphD5jN5N+n0zg==",
      "license": "MIT"
    },
    "node_modules/balanced-match": {
      "version": "1.0.2",
      "resolved": "https://registry.npmjs.org/balanced-match/-/balanced-match-1.0.2.tgz",
      "integrity": "sha512-3oSeUO0TMV67hN1AmbXsK4yaqU7tjiHlbxRDZOpH0KW9+CeX4bRAaX0Anxt0tx2MrpRpWwQaPwIlISEJhYU5Pw==",
      "license": "MIT"
    },
    "node_modules/brace-expansion": {
      "version": "1.1.21",
      "resolved": "https://registry.npmjs.org/brace-expansion/-/brace-expansion-1.1.21.tgz",
      "integrity": "sha512-9zeA+KLZNNzglF2TPKRQEDyx6Yby7daAkuy8MiPzpXPsYDWi/DRM8jmwUDxokQjYqBpv5DgPiwD4h4ZZSy1Ujw==",
      "license": "MIT",
      "dependencies": {
        "balanced-match": "^1.0.0",
        "concat-map": "0.0.1"
      }
    },
    "node_modules/concat-map": {
      "version": "0.0.1",
      "resolved": "https://registry.npmjs.org/concat-map/-/concat-map-0.0.1.tgz",
      "integrity": "sha512-/Srv4dswyQNBfohGpz9o6Yb3Gz3SrUDqBH5rTuhGR7ahtlbYKnVxw2bCFMRljaA7EXHaXZ8wsHdodFvbkhKmqg==",
      "license": "MIT"
    },
    "node_modules/debug": {
      "version": "4.4.3",
      "resolved": "https://registry.npmjs.org/debug/-/debug-4.4.3.tgz",
      "integrity": "sha512-RGwwWnwQvkVfavKVt22FGLw+xYSdzARwm0ru6DhTVA3umU5hZc28V3kO4stgYryrTlLpuvgI9GiijltAjNbcqA==",
      "license": "MIT",
      "dependencies": {
        "ms": "^2.1.3"
      },
      "engines": {
        "node": ">=6.0"
      },
      "peerDependenciesMeta": {
        "supports-color": {
          "optional": true
        }
      }
    },
    "node_modules/events": {
      "version": "3.3.0",
      "resolved": "https://registry.npmjs.org/events/-/events-3.3.0.tgz",
      "integrity": "sha512-mQw+2fkQbALzQ7V0MY0IqdnXNOeTtP4r0lN9z7AAawCXgqea7bDii20AYrIBrFd/Hx0M2Ocz6S111CaFkUcb0Q==",
      "license": "MIT",
      "engines": {
        "node": ">=0.8.x"
      }
    },
    "node_modules/fast-xml-builder": {
      "version": "1.3.1",
      "resolved": "https://registry.npmjs.org/fast-xml-builder/-/fast-xml-builder-1.3.1.tgz",
      "integrity": "sha512-pIM/1n3ntFXKYrUZwW7QCK0gAW7XY+wzj1YMIV3tLDvPj/V+zTGJK5e3/4WJfwj0qWw2ElNXiTixda/R+3YSug==",
      "funding": [
        {
          "type": "github",
          "url": "https://github.com/sponsors/NaturalIntelligence"
        }
      ],
      "license": "MIT",
      "dependencies": {
        "path-expression-matcher": "^1.6.2",
        "xml-naming": "^0.3.0"
      }
    },
    "node_modules/fast-xml-parser": {
      "version": "5.11.1",
      "resolved": "https://registry.npmjs.org/fast-xml-parser/-/fast-xml-parser-5.11.1.tgz",
      "integrity": "sha512-TBw6K/fxoQGGjCmZDw9w/ZwP3uDcnTM4YH/g+PFRWr8sbe5idXtxNN6vITh4+1ruCZaho6uBFurElsA7F0zzgw==",
      "funding": [
        {
          "type": "github",
          "url": "https://github.com/sponsors/NaturalIntelligence"
        }
      ],
      "license": "MIT",
      "dependencies": {
        "@nodable/entities": "^3.0.0",
        "fast-xml-builder": "^1.2.0",
        "is-unsafe": "^2.0.0",
        "path-expression-matcher": "^1.6.2",
        "strnum": "^2.4.2",
        "xml-naming": "^0.3.0"
      },
      "bin": {
        "fxparser": "src/cli/cli.js"
      }
    },
    "node_modules/flatbuffers": {
      "version": "25.9.23",
      "resolved": "https://registry.npmjs.org/flatbuffers/-/flatbuffers-25.9.23.tgz",
      "integrity": "sha512-MI1qs7Lo4Syw0EOzUl0xjs2lsoeqFku44KpngfIduHBYvzm8h2+7K8YMQh1JtVVVrUvhLpNwqVi4DERegUJhPQ==",
      "license": "Apache-2.0"
    },
    "node_modules/http-proxy-agent": {
      "version": "7.0.2",
      "resolved": "https://registry.npmjs.org/http-proxy-agent/-/http-proxy-agent-7.0.2.tgz",
      "integrity": "sha512-T1gkAiYYDWYx3V5Bmyu7HcfcvL7mUrTWiM6yOfa3PIphViJ/gFPbvidQ+veqSOHci/PxBcDabeUNCzpOODJZig==",
      "license": "MIT",
      "dependencies": {
        "agent-base": "^7.1.0",
        "debug": "^4.3.4"
      },
      "engines": {
        "node": ">= 14"
      }
    },
    "node_modules/https-proxy-agent": {
      "version": "7.0.6",
      "resolved": "https://registry.npmjs.org/https-proxy-agent/-/https-proxy-agent-7.0.6.tgz",
      "integrity": "sha512-vK9P5/iUfdl95AI+JVyUuIcVtd4ofvtrOr3HNtM2yxC9bnMbEdp3x01OhQNnjb8IJYi38VlTE3mBXwcfvywuSw==",
      "license": "MIT",
      "dependencies": {
        "agent-base": "^7.1.2",
        "debug": "4"
      },
      "engines": {
        "node": ">= 14"
      }
    },
    "node_modules/is-unsafe": {
      "version": "2.0.2",
      "resolved": "https://registry.npmjs.org/is-unsafe/-/is-unsafe-2.0.2.tgz",
      "integrity": "sha512-HgbIHPBH0KHHCcjLfGsCvhtPTVxjaAZlXjwdz7/GQC40SjSe4sfQsar8J5VFo8JOSbarkpV0OLG95bbaNd9aAQ==",
      "funding": [
        {
          "type": "github",
          "url": "https://github.com/sponsors/NaturalIntelligence"
        }
      ],
      "license": "MIT"
    },
    "node_modules/json-with-bigint": {
      "version": "3.5.12",
      "resolved": "https://registry.npmjs.org/json-with-bigint/-/json-with-bigint-3.5.12.tgz",
      "integrity": "sha512-uwbF/wSSuOgC7qqlq27Xp5B6a2MHVug3t0idZdTqu0JnlFvgJuH7ju+KAk/J06C7GfhoYy2gnb9wz2INqcne7w==",
      "license": "MIT"
    },
    "node_modules/minimatch": {
      "version": "3.1.5",
      "resolved": "https://registry.npmjs.org/minimatch/-/minimatch-3.1.5.tgz",
      "integrity": "sha512-VgjWUsnnT6n+NUk6eZq77zeFdpW2LWDzP6zFGrCbHXiYNul5Dzqk2HHQ5uFH2DNW5Xbp8+jVzaeNt94ssEEl4w==",
      "license": "ISC",
      "dependencies": {
        "brace-expansion": "^1.1.7"
      },
      "engines": {
        "node": "*"
      }
    },
    "node_modules/ms": {
      "version": "2.1.3",
      "resolved": "https://registry.npmjs.org/ms/-/ms-2.1.3.tgz",
      "integrity": "sha512-6FlzubTLZG3J2a/NVCAleEhjzq5oxgHyaCU9yYXvcLsvoVaHJq/s5xXI6/XXP6tz7R9xAOtHnSO/tXtF3WRTlA==",
      "license": "MIT"
    },
    "node_modules/path-expression-matcher": {
      "version": "1.6.2",
      "resolved": "https://registry.npmjs.org/path-expression-matcher/-/path-expression-matcher-1.6.2.tgz",
      "integrity": "sha512-enSlaiat05iasnzmgNxRj8reFdj3puY2QpNgP1aPIaVfT6nn9ICuPoFlKHk8EN22HcwewshO+mN2DGbkCEOtqQ==",
      "funding": [
        {
          "type": "github",
          "url": "https://github.com/sponsors/NaturalIntelligence"
        }
      ],
      "license": "MIT",
      "engines": {
        "node": ">=14.0.0"
      }
    },
    "node_modules/semver": {
      "version": "6.3.1",
      "resolved": "https://registry.npmjs.org/semver/-/semver-6.3.1.tgz",
      "integrity": "sha512-BR7VvDCVHO+q2xBEWskxS6DJE1qRnb7DxzUrogb71CWoSficBxYsiAGd+Kl0mmq/MprG9yArRkyrQxTO6XjMzA==",
      "license": "ISC",
      "bin": {
        "semver": "bin/semver.js"
      }
    },
    "node_modules/strnum": {
      "version": "2.4.2",
      "resolved": "https://registry.npmjs.org/strnum/-/strnum-2.4.2.tgz",
      "integrity": "sha512-rDG3Ah4TV0k1hWvLSzkZtMmLN9+eS+h3knq4MP6A42Y3Yh5qGNnOUs1jJkoSr8FG5dsL28c7KgkIBzSEykqtuw==",
      "funding": [
        {
          "type": "github",
          "url": "https://github.com/sponsors/NaturalIntelligence"
        }
      ],
      "license": "MIT",
      "dependencies": {
        "anynum": "^1.0.1"
      }
    },
    "node_modules/tslib": {
      "version": "2.8.1",
      "resolved": "https://registry.npmjs.org/tslib/-/tslib-2.8.1.tgz",
      "integrity": "sha512-oJFu94HQb+KVduSUQL7wnpmqnfmLsOA/nAh6b6EH0wCEoK0/mPeXU6c3wKDV83MkOuHPRHtSXKKU99IBazS/2w==",
      "license": "0BSD"
    },
    "node_modules/tunnel": {
      "version": "0.0.6",
      "resolved": "https://registry.npmjs.org/tunnel/-/tunnel-0.0.6.tgz",
      "integrity": "sha512-1h/Lnq9yajKY2PEbBadPXj3VxsDDu844OnaAo52UVmIzIvwwtBPIuNvkjuzBlTWpfJyUbG3ez0KSBibQkj4ojg==",
      "license": "MIT",
      "engines": {
        "node": ">=0.6.11 <=0.7.0 || >=0.7.3"
      }
    },
    "node_modules/typescript": {
      "version": "5.9.3",
      "resolved": "https://registry.npmjs.org/typescript/-/typescript-5.9.3.tgz",
      "integrity": "sha512-jl1vZzPDinLr9eUt3J/t7V6FgNEw9QjvBPdysz9KfQDD41fQrC2Y4vKQdiaUpFT4bXlb1RHhLpp8wtm6M5TgSw==",
      "dev": true,
      "license": "Apache-2.0",
      "bin": {
        "tsc": "bin/tsc",
        "tsserver": "bin/tsserver"
      },
      "engines": {
        "node": ">=14.17"
      }
    },
    "node_modules/undici": {
      "version": "6.29.0",
      "resolved": "https://registry.npmjs.org/undici/-/undici-6.29.0.tgz",
      "integrity": "sha512-R+RODBqp6i2pPflGdq+xIOUkl+RNfGgHwoinecKu/JCuf2uO06cOKoDbI2P7Dn6KcswdKwrczbU6IYJ6K8X+wg==",
      "license": "MIT",
      "engines": {
        "node": ">=18.17"
      }
    },
    "node_modules/undici-types": {
      "version": "7.18.2",
      "resolved": "https://registry.npmjs.org/undici-types/-/undici-types-7.18.2.tgz",
      "integrity": "sha512-AsuCzffGHJybSaRrmr5eHr81mwJU3kjw6M+uprWvCXiNeN9SOGwQ3Jn8jb8m3Z6izVgknn1R0FTCEAP2QrLY/w==",
      "dev": true,
      "license": "MIT"
    },
    "node_modules/xml-naming": {
      "version": "0.3.0",
      "resolved": "https://registry.npmjs.org/xml-naming/-/xml-naming-0.3.0.tgz",
      "integrity": "sha512-ghig2TBE/H11aOVgmahA3MhimvkBr6JIYknH/Dhdk10nXwdbIqBJsbfMxpvFPG8bAw77gN29aQWvKpmVoPlvPQ==",
      "funding": [
        {
          "type": "github",
          "url": "https://github.com/sponsors/NaturalIntelligence"
        }
      ],
      "license": "MIT",
      "engines": {
        "node": ">=16.0.0"
      }
    }
  }
}
