{
  "name": "@actions/exec",
  "version": "3.0.0",
  "lockfileVersion": 3,
  "requires": true,
  "packages": {
    "": {
      "name": "@actions/exec",
      "version": "3.0.0",
      "license": "MIT",
      "dependencies": {
        "@actions/io": "^3.0.2"
      }
    },
    "node_modules/@actions/io": {
      "version": "3.0.2",
      "resolved": "https://registry.npmjs.org/@actions/io/-/io-3.0.2.tgz",
      "integrity": "sha512-nRBchcMM+QK1pdjO7/idu86rbJI5YHUKCvKs0KxnSYbVe3F51UfGxuZX4Qy/fWlp6l7gWFwIkrOzN+oUK03kfw==",
      "license": "MIT"
    }
  }
}
